
Microsoft Visual Studio Solution File, Format Version 12.00
# Visual Studio Version 17
VisualStudioVersion = 17.5.33414.496
MinimumVisualStudioVersion = 10.0.40219.1
Project("{FAE04EC0-301F-11D3-BF4B-00C04F79EFBC}") = "LAYOSLE4", "LAYOSLE4\LAYOSLE4.csproj", "{050EAD25-5239-41F6-BC38-56A988A5EF52}"
EndProject
Global
	GlobalSection(SolutionConfigurationPlatforms) = preSolution
		Debug|Any CPU = Debug|Any CPU
		Release|Any CPU = Release|Any CPU
	EndGlobalSection
	GlobalSection(ProjectConfigurationPlatforms) = postSolution
		{050EAD25-5239-41F6-BC38-56A988A5EF52}.Debug|Any CPU.ActiveCfg = Debug|Any CPU
		{050EAD25-5239-41F6-BC38-56A988A5EF52}.Debug|Any CPU.Build.0 = Debug|Any CPU
		{050EAD25-5239-41F6-BC38-56A988A5EF52}.Release|Any CPU.ActiveCfg = Release|Any CPU
		{050EAD25-5239-41F6-BC38-56A988A5EF52}.Release|Any CPU.Build.0 = Release|Any CPU
	EndGlobalSection
	GlobalSection(SolutionProperties) = preSolution
		HideSolutionNode = FALSE
	EndGlobalSection
	GlobalSection(ExtensibilityGlobals) = postSolution
		SolutionGuid = {CD6C6F4E-B0D6-4B0D-ABE3-A43DCACECC50}
	EndGlobalSection
EndGlobal
