
Microsoft Visual Studio Solution File, Format Version 12.00
# Visual Studio Version 17
VisualStudioVersion = 17.5.33414.496
MinimumVisualStudioVersion = 10.0.40219.1
Project("{9A19103F-16F7-4668-BE54-9A1E7A4F7556}") = "BlogDataLibrary", "BlogDataLibrary\BlogDataLibrary.csproj", "{CEA83505-4FD3-4CE6-A6FC-7AB6E2C56BC1}"
EndProject
Project("{00D1A9C2-B5F0-4AF3-8072-F6C62B433612}") = "LayosBlogDB", "LayosBlogDB\LayosBlogDB.sqlproj", "{E10508C8-E2B2-4D67-B770-EFF03821BA54}"
EndProject
Project("{9A19103F-16F7-4668-BE54-9A1E7A4F7556}") = "BlogTestUI", "BlogTestUI\BlogTestUI.csproj", "{A88F9ED1-C87D-49AF-88F2-F40F4E5E6B91}"
EndProject
Project("{FAE04EC0-301F-11D3-BF4B-00C04F79EFBC}") = "BlogAPI", "BlogAPI\BlogAPI.csproj", "{34047E17-A158-4C17-8466-37244C3C3238}"
EndProject
Global
	GlobalSection(SolutionConfigurationPlatforms) = preSolution
		Debug|Any CPU = Debug|Any CPU
		Release|Any CPU = Release|Any CPU
	EndGlobalSection
	GlobalSection(ProjectConfigurationPlatforms) = postSolution
		{CEA83505-4FD3-4CE6-A6FC-7AB6E2C56BC1}.Debug|Any CPU.ActiveCfg = Debug|Any CPU
		{CEA83505-4FD3-4CE6-A6FC-7AB6E2C56BC1}.Debug|Any CPU.Build.0 = Debug|Any CPU
		{CEA83505-4FD3-4CE6-A6FC-7AB6E2C56BC1}.Release|Any CPU.ActiveCfg = Release|Any CPU
		{CEA83505-4FD3-4CE6-A6FC-7AB6E2C56BC1}.Release|Any CPU.Build.0 = Release|Any CPU
		{E10508C8-E2B2-4D67-B770-EFF03821BA54}.Debug|Any CPU.ActiveCfg = Debug|Any CPU
		{E10508C8-E2B2-4D67-B770-EFF03821BA54}.Debug|Any CPU.Build.0 = Debug|Any CPU
		{E10508C8-E2B2-4D67-B770-EFF03821BA54}.Debug|Any CPU.Deploy.0 = Debug|Any CPU
		{E10508C8-E2B2-4D67-B770-EFF03821BA54}.Release|Any CPU.ActiveCfg = Release|Any CPU
		{E10508C8-E2B2-4D67-B770-EFF03821BA54}.Release|Any CPU.Build.0 = Release|Any CPU
		{E10508C8-E2B2-4D67-B770-EFF03821BA54}.Release|Any CPU.Deploy.0 = Release|Any CPU
		{A88F9ED1-C87D-49AF-88F2-F40F4E5E6B91}.Debug|Any CPU.ActiveCfg = Debug|Any CPU
		{A88F9ED1-C87D-49AF-88F2-F40F4E5E6B91}.Debug|Any CPU.Build.0 = Debug|Any CPU
		{A88F9ED1-C87D-49AF-88F2-F40F4E5E6B91}.Release|Any CPU.ActiveCfg = Release|Any CPU
		{A88F9ED1-C87D-49AF-88F2-F40F4E5E6B91}.Release|Any CPU.Build.0 = Release|Any CPU
		{34047E17-A158-4C17-8466-37244C3C3238}.Debug|Any CPU.ActiveCfg = Debug|Any CPU
		{34047E17-A158-4C17-8466-37244C3C3238}.Debug|Any CPU.Build.0 = Debug|Any CPU
		{34047E17-A158-4C17-8466-37244C3C3238}.Release|Any CPU.ActiveCfg = Release|Any CPU
		{34047E17-A158-4C17-8466-37244C3C3238}.Release|Any CPU.Build.0 = Release|Any CPU
	EndGlobalSection
	GlobalSection(SolutionProperties) = preSolution
		HideSolutionNode = FALSE
	EndGlobalSection
	GlobalSection(ExtensibilityGlobals) = postSolution
		SolutionGuid = {173C650A-59CA-4BCD-B6B4-15604C62BE86}
	EndGlobalSection
EndGlobal
